// !$*UTF8*$!
{
	archiveVersion = 1;
	classes = {
	};
	objectVersion = 56;
	objects = {

/* Begin PBXBuildFile section */
		6E2525332A311A9C00E6C94D /* AppDelegate.swift in Sources */ = {isa = PBXBuildFile; fileRef = 6E2525322A311A9C00E6C94D /* AppDelegate.swift */; };
		6E2525352A311A9C00E6C94D /* SceneDelegate.swift in Sources */ = {isa = PBXBuildFile; fileRef = 6E2525342A311A9C00E6C94D /* SceneDelegate.swift */; };
		6E2525372A311A9C00E6C94D /* SchemaViewController.swift in Sources */ = {isa = PBXBuildFile; fileRef = 6E2525362A311A9C00E6C94D /* SchemaViewController.swift */; };
		6E25253A2A311A9C00E6C94D /* Main.storyboard in Resources */ = {isa = PBXBuildFile; fileRef = 6E2525382A311A9C00E6C94D /* Main.storyboard */; };
		6E25253C2A311A9E00E6C94D /* Assets.xcassets in Resources */ = {isa = PBXBuildFile; fileRef = 6E25253B2A311A9E00E6C94D /* Assets.xcassets */; };
		6E25253F2A311A9E00E6C94D /* LaunchScreen.storyboard in Resources */ = {isa = PBXBuildFile; fileRef = 6E25253D2A311A9E00E6C94D /* LaunchScreen.storyboard */; };
		6E25254B2A311F3C00E6C94D /* HelperElementStructure.swift in Sources */ = {isa = PBXBuildFile; fileRef = 6E25254A2A311F3C00E6C94D /* HelperElementStructure.swift */; };
		6E25255B2A3F14C700E6C94D /* Ch.swift in Sources */ = {isa = PBXBuildFile; fileRef = 6E25255A2A3F14C700E6C94D /* Ch.swift */; };
		6E2525602A3F14EB00E6C94D /* Dc.swift in Sources */ = {isa = PBXBuildFile; fileRef = 6E25255C2A3F14EB00E6C94D /* Dc.swift */; };
		6E2525612A3F14EB00E6C94D /* Sl_st.swift in Sources */ = {isa = PBXBuildFile; fileRef = 6E25255D2A3F14EB00E6C94D /* Sl_st.swift */; };
		6E2525622A3F14EB00E6C94D /* Hdc.swift in Sources */ = {isa = PBXBuildFile; fileRef = 6E25255E2A3F14EB00E6C94D /* Hdc.swift */; };
		6E2525632A3F14EB00E6C94D /* Tr.swift in Sources */ = {isa = PBXBuildFile; fileRef = 6E25255F2A3F14EB00E6C94D /* Tr.swift */; };
		6E2525662A3F156200E6C94D /* DataManager.swift in Sources */ = {isa = PBXBuildFile; fileRef = 6E2525652A3F156200E6C94D /* DataManager.swift */; };
		6E25256A2A3F178000E6C94D /* ChView.swift in Sources */ = {isa = PBXBuildFile; fileRef = 6E2525692A3F178000E6C94D /* ChView.swift */; };
		6E25256C2A3F184A00E6C94D /* DcView.swift in Sources */ = {isa = PBXBuildFile; fileRef = 6E25256B2A3F184A00E6C94D /* DcView.swift */; };
		6E25256E2A3F18A300E6C94D /* HdcView.swift in Sources */ = {isa = PBXBuildFile; fileRef = 6E25256D2A3F18A300E6C94D /* HdcView.swift */; };
		6E2525702A3F18B200E6C94D /* Sl_stView.swift in Sources */ = {isa = PBXBuildFile; fileRef = 6E25256F2A3F18B200E6C94D /* Sl_stView.swift */; };
		6E2525722A3F18BC00E6C94D /* TrView.swift in Sources */ = {isa = PBXBuildFile; fileRef = 6E2525712A3F18BC00E6C94D /* TrView.swift */; };
		6E2525742A3F1FAB00E6C94D /* TrViewController.swift in Sources */ = {isa = PBXBuildFile; fileRef = 6E2525732A3F1FAB00E6C94D /* TrViewController.swift */; };
		6E2525762A3F210900E6C94D /* Start.swift in Sources */ = {isa = PBXBuildFile; fileRef = 6E2525752A3F210800E6C94D /* Start.swift */; };
		6E2525782A3F211C00E6C94D /* StartView.swift in Sources */ = {isa = PBXBuildFile; fileRef = 6E2525772A3F211C00E6C94D /* StartView.swift */; };
		6E25257E2A4248F900E6C94D /* ElementCell.swift in Sources */ = {isa = PBXBuildFile; fileRef = 6E25257D2A4248F900E6C94D /* ElementCell.swift */; };
		6E2525802A45CF7900E6C94D /* ElementListViewController.swift in Sources */ = {isa = PBXBuildFile; fileRef = 6E25257F2A45CF7900E6C94D /* ElementListViewController.swift */; };
		6E2525822A45D01E00E6C94D /* ElementCollectionViewCell.swift in Sources */ = {isa = PBXBuildFile; fileRef = 6E2525812A45D01E00E6C94D /* ElementCollectionViewCell.swift */; };
		6E39B8232A8169BB0069B2B5 /* StartViewController.swift in Sources */ = {isa = PBXBuildFile; fileRef = 6E39B8222A8169BB0069B2B5 /* StartViewController.swift */; };
		6E6A7D022A7459A800544EE4 /* PDFViewController.swift in Sources */ = {isa = PBXBuildFile; fileRef = 6E6A7D012A7459A800544EE4 /* PDFViewController.swift */; };
		6E6A7D062A7990B800544EE4 /* ImageScrollView.swift in Sources */ = {isa = PBXBuildFile; fileRef = 6E6A7D052A7990B800544EE4 /* ImageScrollView.swift */; };
		6E6A7D182A7AFC7F00544EE4 /* example.pdf in Resources */ = {isa = PBXBuildFile; fileRef = 6E6A7D172A7AFC7F00544EE4 /* example.pdf */; };
		6EAD3B602A69E3D80017433F /* StorageManager.swift in Sources */ = {isa = PBXBuildFile; fileRef = 6EAD3B5F2A69E3D80017433F /* StorageManager.swift */; };
		6EAD3B622A69E5210017433F /* MySchemasListViewController.swift in Sources */ = {isa = PBXBuildFile; fileRef = 6EAD3B612A69E5210017433F /* MySchemasListViewController.swift */; };
		6EAD3B652A6FF3FD0017433F /* SchemaCoreDataModel.xcdatamodeld in Sources */ = {isa = PBXBuildFile; fileRef = 6EAD3B632A6FF3FD0017433F /* SchemaCoreDataModel.xcdatamodeld */; };
		6EAD3B8E2A704B450017433F /* Element+CoreDataClass.swift in Sources */ = {isa = PBXBuildFile; fileRef = 6EAD3B8A2A704B450017433F /* Element+CoreDataClass.swift */; };
		6EAD3B8F2A704B450017433F /* Element+CoreDataProperties.swift in Sources */ = {isa = PBXBuildFile; fileRef = 6EAD3B8B2A704B450017433F /* Element+CoreDataProperties.swift */; };
		6EAD3B902A704B450017433F /* Schema+CoreDataClass.swift in Sources */ = {isa = PBXBuildFile; fileRef = 6EAD3B8C2A704B450017433F /* Schema+CoreDataClass.swift */; };
		6EAD3B912A704B450017433F /* Schema+CoreDataProperties.swift in Sources */ = {isa = PBXBuildFile; fileRef = 6EAD3B8D2A704B450017433F /* Schema+CoreDataProperties.swift */; };
/* End PBXBuildFile section */

/* Begin PBXFileReference section */
		6E25252F2A311A9C00E6C94D /* CrochetApp.app */ = {isa = PBXFileReference; explicitFileType = wrapper.application; includeInIndex = 0; path = CrochetApp.app; sourceTree = BUILT_PRODUCTS_DIR; };
		6E2525322A311A9C00E6C94D /* AppDelegate.swift */ = {isa = PBXFileReference; lastKnownFileType = sourcecode.swift; path = AppDelegate.swift; sourceTree = "<group>"; };
		6E2525342A311A9C00E6C94D /* SceneDelegate.swift */ = {isa = PBXFileReference; lastKnownFileType = sourcecode.swift; path = SceneDelegate.swift; sourceTree = "<group>"; };
		6E2525362A311A9C00E6C94D /* SchemaViewController.swift */ = {isa = PBXFileReference; lastKnownFileType = sourcecode.swift; path = SchemaViewController.swift; sourceTree = "<group>"; };
		6E2525392A311A9C00E6C94D /* Base */ = {isa = PBXFileReference; lastKnownFileType = file.storyboard; name = Base; path = Base.lproj/Main.storyboard; sourceTree = "<group>"; };
		6E25253B2A311A9E00E6C94D /* Assets.xcassets */ = {isa = PBXFileReference; lastKnownFileType = folder.assetcatalog; path = Assets.xcassets; sourceTree = "<group>"; };
		6E25253E2A311A9E00E6C94D /* Base */ = {isa = PBXFileReference; lastKnownFileType = file.storyboard; name = Base; path = Base.lproj/LaunchScreen.storyboard; sourceTree = "<group>"; };
		6E2525402A311A9E00E6C94D /* Info.plist */ = {isa = PBXFileReference; lastKnownFileType = text.plist.xml; path = Info.plist; sourceTree = "<group>"; };
		6E25254A2A311F3C00E6C94D /* HelperElementStructure.swift */ = {isa = PBXFileReference; lastKnownFileType = sourcecode.swift; path = HelperElementStructure.swift; sourceTree = "<group>"; };
		6E25255A2A3F14C700E6C94D /* Ch.swift */ = {isa = PBXFileReference; fileEncoding = 4; lastKnownFileType = sourcecode.swift; path = Ch.swift; sourceTree = "<group>"; };
		6E25255C2A3F14EB00E6C94D /* Dc.swift */ = {isa = PBXFileReference; fileEncoding = 4; lastKnownFileType = sourcecode.swift; path = Dc.swift; sourceTree = "<group>"; };
		6E25255D2A3F14EB00E6C94D /* Sl_st.swift */ = {isa = PBXFileReference; fileEncoding = 4; lastKnownFileType = sourcecode.swift; path = Sl_st.swift; sourceTree = "<group>"; };
		6E25255E2A3F14EB00E6C94D /* Hdc.swift */ = {isa = PBXFileReference; fileEncoding = 4; lastKnownFileType = sourcecode.swift; path = Hdc.swift; sourceTree = "<group>"; };
		6E25255F2A3F14EB00E6C94D /* Tr.swift */ = {isa = PBXFileReference; fileEncoding = 4; lastKnownFileType = sourcecode.swift; path = Tr.swift; sourceTree = "<group>"; };
		6E2525652A3F156200E6C94D /* DataManager.swift */ = {isa = PBXFileReference; lastKnownFileType = sourcecode.swift; path = DataManager.swift; sourceTree = "<group>"; };
		6E2525692A3F178000E6C94D /* ChView.swift */ = {isa = PBXFileReference; lastKnownFileType = sourcecode.swift; path = ChView.swift; sourceTree = "<group>"; };
		6E25256B2A3F184A00E6C94D /* DcView.swift */ = {isa = PBXFileReference; lastKnownFileType = sourcecode.swift; path = DcView.swift; sourceTree = "<group>"; };
		6E25256D2A3F18A300E6C94D /* HdcView.swift */ = {isa = PBXFileReference; lastKnownFileType = sourcecode.swift; path = HdcView.swift; sourceTree = "<group>"; };
		6E25256F2A3F18B200E6C94D /* Sl_stView.swift */ = {isa = PBXFileReference; lastKnownFileType = sourcecode.swift; path = Sl_stView.swift; sourceTree = "<group>"; };
		6E2525712A3F18BC00E6C94D /* TrView.swift */ = {isa = PBXFileReference; lastKnownFileType = sourcecode.swift; path = TrView.swift; sourceTree = "<group>"; };
		6E2525732A3F1FAB00E6C94D /* TrViewController.swift */ = {isa = PBXFileReference; lastKnownFileType = sourcecode.swift; path = TrViewController.swift; sourceTree = "<group>"; };
		6E2525752A3F210800E6C94D /* Start.swift */ = {isa = PBXFileReference; fileEncoding = 4; lastKnownFileType = sourcecode.swift; path = Start.swift; sourceTree = "<group>"; };
		6E2525772A3F211C00E6C94D /* StartView.swift */ = {isa = PBXFileReference; lastKnownFileType = sourcecode.swift; path = StartView.swift; sourceTree = "<group>"; };
		6E25257D2A4248F900E6C94D /* ElementCell.swift */ = {isa = PBXFileReference; lastKnownFileType = sourcecode.swift; path = ElementCell.swift; sourceTree = "<group>"; };
		6E25257F2A45CF7900E6C94D /* ElementListViewController.swift */ = {isa = PBXFileReference; lastKnownFileType = sourcecode.swift; path = ElementListViewController.swift; sourceTree = "<group>"; };
		6E2525812A45D01E00E6C94D /* ElementCollectionViewCell.swift */ = {isa = PBXFileReference; lastKnownFileType = sourcecode.swift; path = ElementCollectionViewCell.swift; sourceTree = "<group>"; };
		6E39B8222A8169BB0069B2B5 /* StartViewController.swift */ = {isa = PBXFileReference; lastKnownFileType = sourcecode.swift; path = StartViewController.swift; sourceTree = "<group>"; };
		6E6A7D012A7459A800544EE4 /* PDFViewController.swift */ = {isa = PBXFileReference; lastKnownFileType = sourcecode.swift; path = PDFViewController.swift; sourceTree = "<group>"; };
		6E6A7D052A7990B800544EE4 /* ImageScrollView.swift */ = {isa = PBXFileReference; lastKnownFileType = sourcecode.swift; path = ImageScrollView.swift; sourceTree = "<group>"; };
		6E6A7D172A7AFC7F00544EE4 /* example.pdf */ = {isa = PBXFileReference; lastKnownFileType = image.pdf; path = example.pdf; sourceTree = "<group>"; };
		6EAD3B5F2A69E3D80017433F /* StorageManager.swift */ = {isa = PBXFileReference; lastKnownFileType = sourcecode.swift; path = StorageManager.swift; sourceTree = "<group>"; };
		6EAD3B612A69E5210017433F /* MySchemasListViewController.swift */ = {isa = PBXFileReference; lastKnownFileType = sourcecode.swift; path = MySchemasListViewController.swift; sourceTree = "<group>"; };
		6EAD3B642A6FF3FD0017433F /* SchemaCoreDataModel.xcdatamodel */ = {isa = PBXFileReference; lastKnownFileType = wrapper.xcdatamodel; path = SchemaCoreDataModel.xcdatamodel; sourceTree = "<group>"; };
		6EAD3B8A2A704B450017433F /* Element+CoreDataClass.swift */ = {isa = PBXFileReference; lastKnownFileType = sourcecode.swift; path = "Element+CoreDataClass.swift"; sourceTree = "<group>"; };
		6EAD3B8B2A704B450017433F /* Element+CoreDataProperties.swift */ = {isa = PBXFileReference; lastKnownFileType = sourcecode.swift; path = "Element+CoreDataProperties.swift"; sourceTree = "<group>"; };
		6EAD3B8C2A704B450017433F /* Schema+CoreDataClass.swift */ = {isa = PBXFileReference; lastKnownFileType = sourcecode.swift; path = "Schema+CoreDataClass.swift"; sourceTree = "<group>"; };
		6EAD3B8D2A704B450017433F /* Schema+CoreDataProperties.swift */ = {isa = PBXFileReference; lastKnownFileType = sourcecode.swift; path = "Schema+CoreDataProperties.swift"; sourceTree = "<group>"; };
/* End PBXFileReference section */

/* Begin PBXFrameworksBuildPhase section */
		6E25252C2A311A9C00E6C94D /* Frameworks */ = {
			isa = PBXFrameworksBuildPhase;
			buildActionMask = 2147483647;
			files = (
			);
			runOnlyForDeploymentPostprocessing = 0;
		};
/* End PBXFrameworksBuildPhase section */

/* Begin PBXGroup section */
		6E2525262A311A9C00E6C94D = {
			isa = PBXGroup;
			children = (
				6E2525312A311A9C00E6C94D /* CrochetApp */,
				6E2525302A311A9C00E6C94D /* Products */,
			);
			sourceTree = "<group>";
		};
		6E2525302A311A9C00E6C94D /* Products */ = {
			isa = PBXGroup;
			children = (
				6E25252F2A311A9C00E6C94D /* CrochetApp.app */,
			);
			name = Products;
			sourceTree = "<group>";
		};
		6E2525312A311A9C00E6C94D /* CrochetApp */ = {
			isa = PBXGroup;
			children = (
				6EAD3B5E2A69E3BE0017433F /* StorageManager */,
				6E2525642A3F154A00E6C94D /* DataManager */,
				6E2525592A3F148C00E6C94D /* Resources */,
				6E2525462A311B1C00E6C94D /* Model */,
				6E2525492A311B5800E6C94D /* App */,
				6E2525482A311B4600E6C94D /* ViewControllers */,
				6E2525472A311B3300E6C94D /* StoryBoards */,
				6E25253B2A311A9E00E6C94D /* Assets.xcassets */,
				6EAD3B632A6FF3FD0017433F /* SchemaCoreDataModel.xcdatamodeld */,
				6E6A7D172A7AFC7F00544EE4 /* example.pdf */,
			);
			path = CrochetApp;
			sourceTree = "<group>";
		};
		6E2525462A311B1C00E6C94D /* Model */ = {
			isa = PBXGroup;
			children = (
				6EAD3B8A2A704B450017433F /* Element+CoreDataClass.swift */,
				6EAD3B8B2A704B450017433F /* Element+CoreDataProperties.swift */,
				6EAD3B8C2A704B450017433F /* Schema+CoreDataClass.swift */,
				6EAD3B8D2A704B450017433F /* Schema+CoreDataProperties.swift */,
				6E25254A2A311F3C00E6C94D /* HelperElementStructure.swift */,
			);
			path = Model;
			sourceTree = "<group>";
		};
		6E2525472A311B3300E6C94D /* StoryBoards */ = {
			isa = PBXGroup;
			children = (
				6E2525382A311A9C00E6C94D /* Main.storyboard */,
				6E25253D2A311A9E00E6C94D /* LaunchScreen.storyboard */,
			);
			path = StoryBoards;
			sourceTree = "<group>";
		};
		6E2525482A311B4600E6C94D /* ViewControllers */ = {
			isa = PBXGroup;
			children = (
				6E2525362A311A9C00E6C94D /* SchemaViewController.swift */,
				6E25257D2A4248F900E6C94D /* ElementCell.swift */,
				6E25257F2A45CF7900E6C94D /* ElementListViewController.swift */,
				6E2525812A45D01E00E6C94D /* ElementCollectionViewCell.swift */,
				6EAD3B612A69E5210017433F /* MySchemasListViewController.swift */,
				6E6A7D012A7459A800544EE4 /* PDFViewController.swift */,
				6E39B8222A8169BB0069B2B5 /* StartViewController.swift */,
			);
			path = ViewControllers;
			sourceTree = "<group>";
		};
		6E2525492A311B5800E6C94D /* App */ = {
			isa = PBXGroup;
			children = (
				6E2525322A311A9C00E6C94D /* AppDelegate.swift */,
				6E2525342A311A9C00E6C94D /* SceneDelegate.swift */,
				6E2525402A311A9E00E6C94D /* Info.plist */,
			);
			path = App;
			sourceTree = "<group>";
		};
		6E2525592A3F148C00E6C94D /* Resources */ = {
			isa = PBXGroup;
			children = (
				6E2525682A3F175200E6C94D /* Originals */,
				6E2525672A3F171F00E6C94D /* Views */,
			);
			path = Resources;
			sourceTree = "<group>";
		};
		6E2525642A3F154A00E6C94D /* DataManager */ = {
			isa = PBXGroup;
			children = (
				6E2525652A3F156200E6C94D /* DataManager.swift */,
			);
			path = DataManager;
			sourceTree = "<group>";
		};
		6E2525672A3F171F00E6C94D /* Views */ = {
			isa = PBXGroup;
			children = (
				6E2525692A3F178000E6C94D /* ChView.swift */,
				6E25256B2A3F184A00E6C94D /* DcView.swift */,
				6E25256D2A3F18A300E6C94D /* HdcView.swift */,
				6E25256F2A3F18B200E6C94D /* Sl_stView.swift */,
				6E2525712A3F18BC00E6C94D /* TrView.swift */,
				6E2525732A3F1FAB00E6C94D /* TrViewController.swift */,
				6E2525772A3F211C00E6C94D /* StartView.swift */,
				6E6A7D052A7990B800544EE4 /* ImageScrollView.swift */,
			);
			path = Views;
			sourceTree = "<group>";
		};
		6E2525682A3F175200E6C94D /* Originals */ = {
			isa = PBXGroup;
			children = (
				6E2525752A3F210800E6C94D /* Start.swift */,
				6E25255A2A3F14C700E6C94D /* Ch.swift */,
				6E25255C2A3F14EB00E6C94D /* Dc.swift */,
				6E25255E2A3F14EB00E6C94D /* Hdc.swift */,
				6E25255D2A3F14EB00E6C94D /* Sl_st.swift */,
				6E25255F2A3F14EB00E6C94D /* Tr.swift */,
			);
			path = Originals;
			sourceTree = "<group>";
		};
		6EAD3B5E2A69E3BE0017433F /* StorageManager */ = {
			isa = PBXGroup;
			children = (
				6EAD3B5F2A69E3D80017433F /* StorageManager.swift */,
			);
			path = StorageManager;
			sourceTree = "<group>";
		};
/* End PBXGroup section */

/* Begin PBXNativeTarget section */
		6E25252E2A311A9C00E6C94D /* CrochetApp */ = {
			isa = PBXNativeTarget;
			buildConfigurationList = 6E2525432A311A9E00E6C94D /* Build configuration list for PBXNativeTarget "CrochetApp" */;
			buildPhases = (
				6E25252B2A311A9C00E6C94D /* Sources */,
				6E25252C2A311A9C00E6C94D /* Frameworks */,
				6E25252D2A311A9C00E6C94D /* Resources */,
			);
			buildRules = (
			);
			dependencies = (
			);
			name = CrochetApp;
			productName = CrochetApp;
			productReference = 6E25252F2A311A9C00E6C94D /* CrochetApp.app */;
			productType = "com.apple.product-type.application";
		};
/* End PBXNativeTarget section */

/* Begin PBXProject section */
		6E2525272A311A9C00E6C94D /* Project object */ = {
			isa = PBXProject;
			attributes = {
				BuildIndependentTargetsInParallel = 1;
				LastSwiftUpdateCheck = 1430;
				LastUpgradeCheck = 1430;
				TargetAttributes = {
					6E25252E2A311A9C00E6C94D = {
						CreatedOnToolsVersion = 14.3.1;
					};
				};
			};
			buildConfigurationList = 6E25252A2A311A9C00E6C94D /* Build configuration list for PBXProject "CrochetApp" */;
			compatibilityVersion = "Xcode 14.0";
			developmentRegion = en;
			hasScannedForEncodings = 0;
			knownRegions = (
				en,
				Base,
			);
			mainGroup = 6E2525262A311A9C00E6C94D;
			productRefGroup = 6E2525302A311A9C00E6C94D /* Products */;
			projectDirPath = "";
			projectRoot = "";
			targets = (
				6E25252E2A311A9C00E6C94D /* CrochetApp */,
			);
		};
/* End PBXProject section */

/* Begin PBXResourcesBuildPhase section */
		6E25252D2A311A9C00E6C94D /* Resources */ = {
			isa = PBXResourcesBuildPhase;
			buildActionMask = 2147483647;
			files = (
				6E25253F2A311A9E00E6C94D /* LaunchScreen.storyboard in Resources */,
				6E25253C2A311A9E00E6C94D /* Assets.xcassets in Resources */,
				6E25253A2A311A9C00E6C94D /* Main.storyboard in Resources */,
				6E6A7D182A7AFC7F00544EE4 /* example.pdf in Resources */,
			);
			runOnlyForDeploymentPostprocessing = 0;
		};
/* End PBXResourcesBuildPhase section */

/* Begin PBXSourcesBuildPhase section */
		6E25252B2A311A9C00E6C94D /* Sources */ = {
			isa = PBXSourcesBuildPhase;
			buildActionMask = 2147483647;
			files = (
				6E39B8232A8169BB0069B2B5 /* StartViewController.swift in Sources */,
				6E2525372A311A9C00E6C94D /* SchemaViewController.swift in Sources */,
				6E2525602A3F14EB00E6C94D /* Dc.swift in Sources */,
				6E2525702A3F18B200E6C94D /* Sl_stView.swift in Sources */,
				6E2525802A45CF7900E6C94D /* ElementListViewController.swift in Sources */,
				6E2525632A3F14EB00E6C94D /* Tr.swift in Sources */,
				6E2525612A3F14EB00E6C94D /* Sl_st.swift in Sources */,
				6E25255B2A3F14C700E6C94D /* Ch.swift in Sources */,
				6E2525822A45D01E00E6C94D /* ElementCollectionViewCell.swift in Sources */,
				6EAD3B622A69E5210017433F /* MySchemasListViewController.swift in Sources */,
				6E2525742A3F1FAB00E6C94D /* TrViewController.swift in Sources */,
				6EAD3B8E2A704B450017433F /* Element+CoreDataClass.swift in Sources */,
				6EAD3B652A6FF3FD0017433F /* SchemaCoreDataModel.xcdatamodeld in Sources */,
				6E25256C2A3F184A00E6C94D /* DcView.swift in Sources */,
				6E2525332A311A9C00E6C94D /* AppDelegate.swift in Sources */,
				6EAD3B8F2A704B450017433F /* Element+CoreDataProperties.swift in Sources */,
				6E2525782A3F211C00E6C94D /* StartView.swift in Sources */,
				6E2525622A3F14EB00E6C94D /* Hdc.swift in Sources */,
				6E25256A2A3F178000E6C94D /* ChView.swift in Sources */,
				6E6A7D022A7459A800544EE4 /* PDFViewController.swift in Sources */,
				6EAD3B912A704B450017433F /* Schema+CoreDataProperties.swift in Sources */,
				6E2525662A3F156200E6C94D /* DataManager.swift in Sources */,
				6E25257E2A4248F900E6C94D /* ElementCell.swift in Sources */,
				6E25256E2A3F18A300E6C94D /* HdcView.swift in Sources */,
				6E25254B2A311F3C00E6C94D /* HelperElementStructure.swift in Sources */,
				6E2525722A3F18BC00E6C94D /* TrView.swift in Sources */,
				6E2525762A3F210900E6C94D /* Start.swift in Sources */,
				6E2525352A311A9C00E6C94D /* SceneDelegate.swift in Sources */,
				6E6A7D062A7990B800544EE4 /* ImageScrollView.swift in Sources */,
				6EAD3B902A704B450017433F /* Schema+CoreDataClass.swift in Sources */,
				6EAD3B602A69E3D80017433F /* StorageManager.swift in Sources */,
			);
			runOnlyForDeploymentPostprocessing = 0;
		};
/* End PBXSourcesBuildPhase section */

/* Begin PBXVariantGroup section */
		6E2525382A311A9C00E6C94D /* Main.storyboard */ = {
			isa = PBXVariantGroup;
			children = (
				6E2525392A311A9C00E6C94D /* Base */,
			);
			name = Main.storyboard;
			sourceTree = "<group>";
		};
		6E25253D2A311A9E00E6C94D /* LaunchScreen.storyboard */ = {
			isa = PBXVariantGroup;
			children = (
				6E25253E2A311A9E00E6C94D /* Base */,
			);
			name = LaunchScreen.storyboard;
			sourceTree = "<group>";
		};
/* End PBXVariantGroup section */

/* Begin XCBuildConfiguration section */
		6E2525412A311A9E00E6C94D /* Debug */ = {
			isa = XCBuildConfiguration;
			buildSettings = {
				ALWAYS_SEARCH_USER_PATHS = NO;
				CLANG_ANALYZER_NONNULL = YES;
				CLANG_ANALYZER_NUMBER_OBJECT_CONVERSION = YES_AGGRESSIVE;
				CLANG_CXX_LANGUAGE_STANDARD = "gnu++20";
				CLANG_ENABLE_MODULES = YES;
				CLANG_ENABLE_OBJC_ARC = YES;
				CLANG_ENABLE_OBJC_WEAK = YES;
				CLANG_WARN_BLOCK_CAPTURE_AUTORELEASING = YES;
				CLANG_WARN_BOOL_CONVERSION = YES;
				CLANG_WARN_COMMA = YES;
				CLANG_WARN_CONSTANT_CONVERSION = YES;
				CLANG_WARN_DEPRECATED_OBJC_IMPLEMENTATIONS = YES;
				CLANG_WARN_DIRECT_OBJC_ISA_USAGE = YES_ERROR;
				CLANG_WARN_DOCUMENTATION_COMMENTS = YES;
				CLANG_WARN_EMPTY_BODY = YES;
				CLANG_WARN_ENUM_CONVERSION = YES;
				CLANG_WARN_INFINITE_RECURSION = YES;
				CLANG_WARN_INT_CONVERSION = YES;
				CLANG_WARN_NON_LITERAL_NULL_CONVERSION = YES;
				CLANG_WARN_OBJC_IMPLICIT_RETAIN_SELF = YES;
				CLANG_WARN_OBJC_LITERAL_CONVERSION = YES;
				CLANG_WARN_OBJC_ROOT_CLASS = YES_ERROR;
				CLANG_WARN_QUOTED_INCLUDE_IN_FRAMEWORK_HEADER = YES;
				CLANG_WARN_RANGE_LOOP_ANALYSIS = YES;
				CLANG_WARN_STRICT_PROTOTYPES = YES;
				CLANG_WARN_SUSPICIOUS_MOVE = YES;
				CLANG_WARN_UNGUARDED_AVAILABILITY = YES_AGGRESSIVE;
				CLANG_WARN_UNREACHABLE_CODE = YES;
				CLANG_WARN__DUPLICATE_METHOD_MATCH = YES;
				COPY_PHASE_STRIP = NO;
				DEBUG_INFORMATION_FORMAT = dwarf;
				ENABLE_STRICT_OBJC_MSGSEND = YES;
				ENABLE_TESTABILITY = YES;
				GCC_C_LANGUAGE_STANDARD = gnu11;
				GCC_DYNAMIC_NO_PIC = NO;
				GCC_NO_COMMON_BLOCKS = YES;
				GCC_OPTIMIZATION_LEVEL = 0;
				GCC_PREPROCESSOR_DEFINITIONS = (
					"DEBUG=1",
					"$(inherited)",
				);
				GCC_WARN_64_TO_32_BIT_CONVERSION = YES;
				GCC_WARN_ABOUT_RETURN_TYPE = YES_ERROR;
				GCC_WARN_UNDECLARED_SELECTOR = YES;
				GCC_WARN_UNINITIALIZED_AUTOS = YES_AGGRESSIVE;
				GCC_WARN_UNUSED_FUNCTION = YES;
				GCC_WARN_UNUSED_VARIABLE = YES;
				IPHONEOS_DEPLOYMENT_TARGET = 15.0;
				MTL_ENABLE_DEBUG_INFO = INCLUDE_SOURCE;
				MTL_FAST_MATH = YES;
				ONLY_ACTIVE_ARCH = YES;
				SDKROOT = iphoneos;
				SWIFT_ACTIVE_COMPILATION_CONDITIONS = DEBUG;
				SWIFT_OPTIMIZATION_LEVEL = "-Onone";
			};
			name = Debug;
		};
		6E2525422A311A9E00E6C94D /* Release */ = {
			isa = XCBuildConfiguration;
			buildSettings = {
				ALWAYS_SEARCH_USER_PATHS = NO;
				CLANG_ANALYZER_NONNULL = YES;
				CLANG_ANALYZER_NUMBER_OBJECT_CONVERSION = YES_AGGRESSIVE;
				CLANG_CXX_LANGUAGE_STANDARD = "gnu++20";
				CLANG_ENABLE_MODULES = YES;
				CLANG_ENABLE_OBJC_ARC = YES;
				CLANG_ENABLE_OBJC_WEAK = YES;
				CLANG_WARN_BLOCK_CAPTURE_AUTORELEASING = YES;
				CLANG_WARN_BOOL_CONVERSION = YES;
				CLANG_WARN_COMMA = YES;
				CLANG_WARN_CONSTANT_CONVERSION = YES;
				CLANG_WARN_DEPRECATED_OBJC_IMPLEMENTATIONS = YES;
				CLANG_WARN_DIRECT_OBJC_ISA_USAGE = YES_ERROR;
				CLANG_WARN_DOCUMENTATION_COMMENTS = YES;
				CLANG_WARN_EMPTY_BODY = YES;
				CLANG_WARN_ENUM_CONVERSION = YES;
				CLANG_WARN_INFINITE_RECURSION = YES;
				CLANG_WARN_INT_CONVERSION = YES;
				CLANG_WARN_NON_LITERAL_NULL_CONVERSION = YES;
				CLANG_WARN_OBJC_IMPLICIT_RETAIN_SELF = YES;
				CLANG_WARN_OBJC_LITERAL_CONVERSION = YES;
				CLANG_WARN_OBJC_ROOT_CLASS = YES_ERROR;
				CLANG_WARN_QUOTED_INCLUDE_IN_FRAMEWORK_HEADER = YES;
				CLANG_WARN_RANGE_LOOP_ANALYSIS = YES;
				CLANG_WARN_STRICT_PROTOTYPES = YES;
				CLANG_WARN_SUSPICIOUS_MOVE = YES;
				CLANG_WARN_UNGUARDED_AVAILABILITY = YES_AGGRESSIVE;
				CLANG_WARN_UNREACHABLE_CODE = YES;
				CLANG_WARN__DUPLICATE_METHOD_MATCH = YES;
				COPY_PHASE_STRIP = NO;
				DEBUG_INFORMATION_FORMAT = "dwarf-with-dsym";
				ENABLE_NS_ASSERTIONS = NO;
				ENABLE_STRICT_OBJC_MSGSEND = YES;
				GCC_C_LANGUAGE_STANDARD = gnu11;
				GCC_NO_COMMON_BLOCKS = YES;
				GCC_WARN_64_TO_32_BIT_CONVERSION = YES;
				GCC_WARN_ABOUT_RETURN_TYPE = YES_ERROR;
				GCC_WARN_UNDECLARED_SELECTOR = YES;
				GCC_WARN_UNINITIALIZED_AUTOS = YES_AGGRESSIVE;
				GCC_WARN_UNUSED_FUNCTION = YES;
				GCC_WARN_UNUSED_VARIABLE = YES;
				IPHONEOS_DEPLOYMENT_TARGET = 15.0;
				MTL_ENABLE_DEBUG_INFO = NO;
				MTL_FAST_MATH = YES;
				SDKROOT = iphoneos;
				SWIFT_COMPILATION_MODE = wholemodule;
				SWIFT_OPTIMIZATION_LEVEL = "-O";
				VALIDATE_PRODUCT = YES;
			};
			name = Release;
		};
		6E2525442A311A9E00E6C94D /* Debug */ = {
			isa = XCBuildConfiguration;
			buildSettings = {
				ASSETCATALOG_COMPILER_APPICON_NAME = AppIcon;
				ASSETCATALOG_COMPILER_GLOBAL_ACCENT_COLOR_NAME = AccentColor;
				CODE_SIGN_STYLE = Automatic;
				CURRENT_PROJECT_VERSION = 1;
				DEVELOPMENT_TEAM = USCX539P25;
				GENERATE_INFOPLIST_FILE = YES;
				INFOPLIST_FILE = CrochetApp/App/Info.plist;
				INFOPLIST_KEY_UIApplicationSupportsIndirectInputEvents = YES;
				INFOPLIST_KEY_UILaunchStoryboardName = LaunchScreen;
				INFOPLIST_KEY_UIMainStoryboardFile = Main;
				INFOPLIST_KEY_UISupportedInterfaceOrientations = UIInterfaceOrientationPortrait;
				INFOPLIST_KEY_UISupportedInterfaceOrientations_iPad = "UIInterfaceOrientationLandscapeLeft UIInterfaceOrientationLandscapeRight UIInterfaceOrientationPortrait UIInterfaceOrientationPortraitUpsideDown";
				IPHONEOS_DEPLOYMENT_TARGET = 16.0;
				LD_RUNPATH_SEARCH_PATHS = (
					"$(inherited)",
					"@executable_path/Frameworks",
				);
				MARKETING_VERSION = 1.0;
				PRODUCT_BUNDLE_IDENTIFIER = RBA.CrochetApp;
				PRODUCT_NAME = "$(TARGET_NAME)";
				SUPPORTED_PLATFORMS = "iphoneos iphonesimulator";
				SUPPORTS_MACCATALYST = NO;
				SUPPORTS_MAC_DESIGNED_FOR_IPHONE_IPAD = NO;
				SWIFT_EMIT_LOC_STRINGS = YES;
				SWIFT_VERSION = 5.0;
				TARGETED_DEVICE_FAMILY = "1,2";
			};
			name = Debug;
		};
		6E2525452A311A9E00E6C94D /* Release */ = {
			isa = XCBuildConfiguration;
			buildSettings = {
				ASSETCATALOG_COMPILER_APPICON_NAME = AppIcon;
				ASSETCATALOG_COMPILER_GLOBAL_ACCENT_COLOR_NAME = AccentColor;
				CODE_SIGN_STYLE = Automatic;
				CURRENT_PROJECT_VERSION = 1;
				DEVELOPMENT_TEAM = USCX539P25;
				GENERATE_INFOPLIST_FILE = YES;
				INFOPLIST_FILE = CrochetApp/App/Info.plist;
				INFOPLIST_KEY_UIApplicationSupportsIndirectInputEvents = YES;
				INFOPLIST_KEY_UILaunchStoryboardName = LaunchScreen;
				INFOPLIST_KEY_UIMainStoryboardFile = Main;
				INFOPLIST_KEY_UISupportedInterfaceOrientations = UIInterfaceOrientationPortrait;
				INFOPLIST_KEY_UISupportedInterfaceOrientations_iPad = "UIInterfaceOrientationLandscapeLeft UIInterfaceOrientationLandscapeRight UIInterfaceOrientationPortrait UIInterfaceOrientationPortraitUpsideDown";
				IPHONEOS_DEPLOYMENT_TARGET = 16.0;
				LD_RUNPATH_SEARCH_PATHS = (
					"$(inherited)",
					"@executable_path/Frameworks",
				);
				MARKETING_VERSION = 1.0;
				PRODUCT_BUNDLE_IDENTIFIER = RBA.CrochetApp;
				PRODUCT_NAME = "$(TARGET_NAME)";
				SUPPORTED_PLATFORMS = "iphoneos iphonesimulator";
				SUPPORTS_MACCATALYST = NO;
				SUPPORTS_MAC_DESIGNED_FOR_IPHONE_IPAD = NO;
				SWIFT_EMIT_LOC_STRINGS = YES;
				SWIFT_VERSION = 5.0;
				TARGETED_DEVICE_FAMILY = "1,2";
			};
			name = Release;
		};
/* End XCBuildConfiguration section */

/* Begin XCConfigurationList section */
		6E25252A2A311A9C00E6C94D /* Build configuration list for PBXProject "CrochetApp" */ = {
			isa = XCConfigurationList;
			buildConfigurations = (
				6E2525412A311A9E00E6C94D /* Debug */,
				6E2525422A311A9E00E6C94D /* Release */,
			);
			defaultConfigurationIsVisible = 0;
			defaultConfigurationName = Release;
		};
		6E2525432A311A9E00E6C94D /* Build configuration list for PBXNativeTarget "CrochetApp" */ = {
			isa = XCConfigurationList;
			buildConfigurations = (
				6E2525442A311A9E00E6C94D /* Debug */,
				6E2525452A311A9E00E6C94D /* Release */,
			);
			defaultConfigurationIsVisible = 0;
			defaultConfigurationName = Release;
		};
/* End XCConfigurationList section */

/* Begin XCVersionGroup section */
		6EAD3B632A6FF3FD0017433F /* SchemaCoreDataModel.xcdatamodeld */ = {
			isa = XCVersionGroup;
			children = (
				6EAD3B642A6FF3FD0017433F /* SchemaCoreDataModel.xcdatamodel */,
			);
			currentVersion = 6EAD3B642A6FF3FD0017433F /* SchemaCoreDataModel.xcdatamodel */;
			path = SchemaCoreDataModel.xcdatamodeld;
			sourceTree = "<group>";
			versionGroupType = wrapper.xcdatamodel;
		};
/* End XCVersionGroup section */
	};
	rootObject = 6E2525272A311A9C00E6C94D /* Project object */;
}
